{
    "_readme": [
        "This file locks the dependencies of your project to a known state",
        "Read more about it at https://getcomposer.org/doc/01-basic-usage.md#composer-lock-the-lock-file",
        "This file is @generated automatically"
    ],
    "hash": "bfb033275eef3490201a9763c09fcd35",
    "content-hash": "87fd27a18250cbdb951f1df86801461b",
    "packages": [
        {
            "name": "facebook/xhp-lib",
            "version": "2.3.0",
            "source": {
                "type": "git",
                "url": "https://github.com/facebook/xhp-lib.git",
                "reference": "571674608bb099c2ce01952816f606e6781dd475"
            },
            "dist": {
                "type": "zip",
                "url": "https://api.github.com/repos/facebook/xhp-lib/zipball/571674608bb099c2ce01952816f606e6781dd475",
                "reference": "571674608bb099c2ce01952816f606e6781dd475",
                "shasum": ""
            },
            "require": {
                "hhvm": "~3.6"
            },
            "require-dev": {
                "91carriage/phpunit-hhi": "^5.1.0",
                "phpunit/phpunit": "^5.1.0"
            },
            "type": "library",
            "extra": {
                "branch-alias": {
                    "dev-master": "2.x-dev"
                }
            },
            "autoload": {
                "classmap": [
                    "src/"
                ]
            },
            "notification-url": "https://packagist.org/downloads/",
            "license": [
                "BSD-3-Clause"
            ],
            "description": "Class library for XHP",
            "homepage": "https://github.com/facebook/xhp-lib",
            "keywords": [
                "facebook",
                "hack",
                "hhvm",
                "xhp"
            ],
            "time": "2016-03-28 21:09:59"
        },
        {
            "name": "hack-psr/psr7-http-message-hhi",
            "version": "v0.2",
            "source": {
                "type": "git",
                "url": "https://github.com/fredemmott/psr7-http-message-hhi.git",
                "reference": "31422ed7c566dd1cd481d95fd1d7e65798944fc9"
            },
            "dist": {
                "type": "zip",
                "url": "https://api.github.com/repos/fredemmott/psr7-http-message-hhi/zipball/31422ed7c566dd1cd481d95fd1d7e65798944fc9",
                "reference": "31422ed7c566dd1cd481d95fd1d7e65798944fc9",
                "shasum": ""
            },
            "require": {
                "psr/http-message": "^1.0"
            },
            "type": "library",
            "notification-url": "https://packagist.org/downloads/",
            "license": [
                "MIT"
            ],
            "description": "Typechecker definitions for PSR-7",
            "homepage": "https://github.com/fredemmott/psr7-http-message-hhi",
            "keywords": [
                "hack",
                "hhi",
                "hhvm",
                "http-message",
                "psr",
                "psr-7",
                "psr7"
            ],
            "time": "2015-11-02 23:49:05"
        },
        {
            "name": "psr/http-message",
            "version": "1.0",
            "source": {
                "type": "git",
                "url": "https://github.com/php-fig/http-message.git",
                "reference": "85d63699f0dbedb190bbd4b0d2b9dc707ea4c298"
            },
            "dist": {
                "type": "zip",
                "url": "https://api.github.com/repos/php-fig/http-message/zipball/85d63699f0dbedb190bbd4b0d2b9dc707ea4c298",
                "reference": "85d63699f0dbedb190bbd4b0d2b9dc707ea4c298",
                "shasum": ""
            },
            "require": {
                "php": ">=5.3.0"
            },
            "type": "library",
            "extra": {
                "branch-alias": {
                    "dev-master": "1.0.x-dev"
                }
            },
            "autoload": {
                "psr-4": {
                    "Psr\\Http\\Message\\": "src/"
                }
            },
            "notification-url": "https://packagist.org/downloads/",
            "license": [
                "MIT"
            ],
            "authors": [
                {
                    "name": "PHP-FIG",
                    "homepage": "http://www.php-fig.org/"
                }
            ],
            "description": "Common interface for HTTP messages",
            "keywords": [
                "http",
                "http-message",
                "psr",
                "psr-7",
                "request",
                "response"
            ],
            "time": "2015-05-04 20:22:00"
        }
    ],
    "packages-dev": [],
    "aliases": [],
    "minimum-stability": "stable",
    "stability-flags": [],
    "prefer-stable": false,
    "prefer-lowest": false,
    "platform": [],
    "platform-dev": []
}
